
Microsoft Visual Studio Solution File, Format Version 12.00
# Visual Studio Version 16
VisualStudioVersion = 16.0.30011.22
MinimumVisualStudioVersion = 15.0.26124.0
Project("{2150E333-8FDC-42A3-9474-1A3956D46DE8}") = "src", "src", "{3F1019A0-CB69-4E2D-AE67-7A99B09C352C}"
EndProject
Project("{9A19103F-16F7-4668-BE54-9A1E7A4F7556}") = "IdentityServer", "src\IdentityServer\IdentityServer.csproj", "{1F0F623E-BD7B-480E-81AA-0467A4ECB213}"
EndProject
Project("{9A19103F-16F7-4668-BE54-9A1E7A4F7556}") = "Api", "src\Api\Api.csproj", "{F6B8C6E0-23D7-48BF-9C24-7BC28891A593}"
EndProject
Project("{FAE04EC0-301F-11D3-BF4B-00C04F79EFBC}") = "Client", "Client\Client.csproj", "{F86C40B9-2C05-4360-B68B-EEAC83E51D96}"
EndProject
Global
	GlobalSection(SolutionConfigurationPlatforms) = preSolution
		Debug|Any CPU = Debug|Any CPU
		Debug|x64 = Debug|x64
		Debug|x86 = Debug|x86
		Release|Any CPU = Release|Any CPU
		Release|x64 = Release|x64
		Release|x86 = Release|x86
	EndGlobalSection
	GlobalSection(ProjectConfigurationPlatforms) = postSolution
		{1F0F623E-BD7B-480E-81AA-0467A4ECB213}.Debug|Any CPU.ActiveCfg = Debug|Any CPU
		{1F0F623E-BD7B-480E-81AA-0467A4ECB213}.Debug|Any CPU.Build.0 = Debug|Any CPU
		{1F0F623E-BD7B-480E-81AA-0467A4ECB213}.Debug|x64.ActiveCfg = Debug|Any CPU
		{1F0F623E-BD7B-480E-81AA-0467A4ECB213}.Debug|x64.Build.0 = Debug|Any CPU
		{1F0F623E-BD7B-480E-81AA-0467A4ECB213}.Debug|x86.ActiveCfg = Debug|Any CPU
		{1F0F623E-BD7B-480E-81AA-0467A4ECB213}.Debug|x86.Build.0 = Debug|Any CPU
		{1F0F623E-BD7B-480E-81AA-0467A4ECB213}.Release|Any CPU.ActiveCfg = Release|Any CPU
		{1F0F623E-BD7B-480E-81AA-0467A4ECB213}.Release|Any CPU.Build.0 = Release|Any CPU
		{1F0F623E-BD7B-480E-81AA-0467A4ECB213}.Release|x64.ActiveCfg = Release|Any CPU
		{1F0F623E-BD7B-480E-81AA-0467A4ECB213}.Release|x64.Build.0 = Release|Any CPU
		{1F0F623E-BD7B-480E-81AA-0467A4ECB213}.Release|x86.ActiveCfg = Release|Any CPU
		{1F0F623E-BD7B-480E-81AA-0467A4ECB213}.Release|x86.Build.0 = Release|Any CPU
		{F6B8C6E0-23D7-48BF-9C24-7BC28891A593}.Debug|Any CPU.ActiveCfg = Debug|Any CPU
		{F6B8C6E0-23D7-48BF-9C24-7BC28891A593}.Debug|Any CPU.Build.0 = Debug|Any CPU
		{F6B8C6E0-23D7-48BF-9C24-7BC28891A593}.Debug|x64.ActiveCfg = Debug|Any CPU
		{F6B8C6E0-23D7-48BF-9C24-7BC28891A593}.Debug|x64.Build.0 = Debug|Any CPU
		{F6B8C6E0-23D7-48BF-9C24-7BC28891A593}.Debug|x86.ActiveCfg = Debug|Any CPU
		{F6B8C6E0-23D7-48BF-9C24-7BC28891A593}.Debug|x86.Build.0 = Debug|Any CPU
		{F6B8C6E0-23D7-48BF-9C24-7BC28891A593}.Release|Any CPU.ActiveCfg = Release|Any CPU
		{F6B8C6E0-23D7-48BF-9C24-7BC28891A593}.Release|Any CPU.Build.0 = Release|Any CPU
		{F6B8C6E0-23D7-48BF-9C24-7BC28891A593}.Release|x64.ActiveCfg = Release|Any CPU
		{F6B8C6E0-23D7-48BF-9C24-7BC28891A593}.Release|x64.Build.0 = Release|Any CPU
		{F6B8C6E0-23D7-48BF-9C24-7BC28891A593}.Release|x86.ActiveCfg = Release|Any CPU
		{F6B8C6E0-23D7-48BF-9C24-7BC28891A593}.Release|x86.Build.0 = Release|Any CPU
		{F86C40B9-2C05-4360-B68B-EEAC83E51D96}.Debug|Any CPU.ActiveCfg = Debug|Any CPU
		{F86C40B9-2C05-4360-B68B-EEAC83E51D96}.Debug|Any CPU.Build.0 = Debug|Any CPU
		{F86C40B9-2C05-4360-B68B-EEAC83E51D96}.Debug|x64.ActiveCfg = Debug|Any CPU
		{F86C40B9-2C05-4360-B68B-EEAC83E51D96}.Debug|x64.Build.0 = Debug|Any CPU
		{F86C40B9-2C05-4360-B68B-EEAC83E51D96}.Debug|x86.ActiveCfg = Debug|Any CPU
		{F86C40B9-2C05-4360-B68B-EEAC83E51D96}.Debug|x86.Build.0 = Debug|Any CPU
		{F86C40B9-2C05-4360-B68B-EEAC83E51D96}.Release|Any CPU.ActiveCfg = Release|Any CPU
		{F86C40B9-2C05-4360-B68B-EEAC83E51D96}.Release|Any CPU.Build.0 = Release|Any CPU
		{F86C40B9-2C05-4360-B68B-EEAC83E51D96}.Release|x64.ActiveCfg = Release|Any CPU
		{F86C40B9-2C05-4360-B68B-EEAC83E51D96}.Release|x64.Build.0 = Release|Any CPU
		{F86C40B9-2C05-4360-B68B-EEAC83E51D96}.Release|x86.ActiveCfg = Release|Any CPU
		{F86C40B9-2C05-4360-B68B-EEAC83E51D96}.Release|x86.Build.0 = Release|Any CPU
	EndGlobalSection
	GlobalSection(SolutionProperties) = preSolution
		HideSolutionNode = FALSE
	EndGlobalSection
	GlobalSection(NestedProjects) = preSolution
		{1F0F623E-BD7B-480E-81AA-0467A4ECB213} = {3F1019A0-CB69-4E2D-AE67-7A99B09C352C}
		{F6B8C6E0-23D7-48BF-9C24-7BC28891A593} = {3F1019A0-CB69-4E2D-AE67-7A99B09C352C}
		{F86C40B9-2C05-4360-B68B-EEAC83E51D96} = {3F1019A0-CB69-4E2D-AE67-7A99B09C352C}
	EndGlobalSection
	GlobalSection(ExtensibilityGlobals) = postSolution
		SolutionGuid = {DA73676D-72C9-4981-8033-1AC47C2FF9F7}
	EndGlobalSection
EndGlobal
